
Microsoft Visual Studio Solution File, Format Version 12.00
# Visual Studio 15
VisualStudioVersion = 15.0.28010.2046
MinimumVisualStudioVersion = 10.0.40219.1
Project("{FAE04EC0-301F-11D3-BF4B-00C04F79EFBC}") = "Tetris", "Tetris\Tetris.csproj", "{D57E250B-71D9-4FF0-A340-A43DFD189868}"
EndProject
Project("{2150E333-8FDC-42A3-9474-1A3956D46DE8}") = "Solution Items", "Solution Items", "{4FC746A2-8AC6-47EC-A465-0BDFD6CDEADE}"
EndProject
Global
	GlobalSection(SolutionConfigurationPlatforms) = preSolution
		Debug|Any CPU = Debug|Any CPU
		Release|Any CPU = Release|Any CPU
	EndGlobalSection
	GlobalSection(ProjectConfigurationPlatforms) = postSolution
		{D57E250B-71D9-4FF0-A340-A43DFD189868}.Debug|Any CPU.ActiveCfg = Debug|Any CPU
		{D57E250B-71D9-4FF0-A340-A43DFD189868}.Debug|Any CPU.Build.0 = Debug|Any CPU
		{D57E250B-71D9-4FF0-A340-A43DFD189868}.Release|Any CPU.ActiveCfg = Release|Any CPU
		{D57E250B-71D9-4FF0-A340-A43DFD189868}.Release|Any CPU.Build.0 = Release|Any CPU
	EndGlobalSection
	GlobalSection(SolutionProperties) = preSolution
		HideSolutionNode = FALSE
	EndGlobalSection
	GlobalSection(ExtensibilityGlobals) = postSolution
		SolutionGuid = {8E12B794-B0F4-4EAA-8521-7C1A2937EFB7}
	EndGlobalSection
EndGlobal
