
Microsoft Visual Studio Solution File, Format Version 12.00
# Visual Studio Version 17
VisualStudioVersion = 17.6.33712.159
MinimumVisualStudioVersion = 10.0.40219.1
Project("{FAE04EC0-301F-11D3-BF4B-00C04F79EFBC}") = "Tetris", "Tetris\Tetris.csproj", "{14148E84-25A3-4AAB-B02D-A34D6673D840}"
EndProject
Global
	GlobalSection(SolutionConfigurationPlatforms) = preSolution
		Debug|Any CPU = Debug|Any CPU
		Release|Any CPU = Release|Any CPU
	EndGlobalSection
	GlobalSection(ProjectConfigurationPlatforms) = postSolution
		{14148E84-25A3-4AAB-B02D-A34D6673D840}.Debug|Any CPU.ActiveCfg = Debug|Any CPU
		{14148E84-25A3-4AAB-B02D-A34D6673D840}.Debug|Any CPU.Build.0 = Debug|Any CPU
		{14148E84-25A3-4AAB-B02D-A34D6673D840}.Release|Any CPU.ActiveCfg = Release|Any CPU
		{14148E84-25A3-4AAB-B02D-A34D6673D840}.Release|Any CPU.Build.0 = Release|Any CPU
	EndGlobalSection
	GlobalSection(SolutionProperties) = preSolution
		HideSolutionNode = FALSE
	EndGlobalSection
	GlobalSection(ExtensibilityGlobals) = postSolution
		SolutionGuid = {70CE335C-8E86-42DA-B622-0FBD702DB9B9}
	EndGlobalSection
EndGlobal
